// !$*UTF8*$!
{
	archiveVersion = 1;
	classes = {
	};
	objectVersion = 51;
	objects = {

/* Begin PBXBuildFile section */
		082580FC0A2C507D247D8B20 /* AppDelegate.swift in Sources */ = {isa = PBXBuildFile; fileRef = 74A2880EA2B32388752282FB /* AppDelegate.swift */; };
		14C099BD039FC53C87A0427D /* ViewController.swift in Sources */ = {isa = PBXBuildFile; fileRef = 0D68C688AC8433B90BCE2FF7 /* ViewController.swift */; };
		1A4B79E7F455DE5DAEA1B7BB /* Pods_ViperSample_ViperSampleTests.framework in Frameworks */ = {isa = PBXBuildFile; fileRef = 32C25E51D0CC23B004110DE5 /* Pods_ViperSample_ViperSampleTests.framework */; };
		7DA9EFA2167EFB37712F8DAB /* SceneDelegate.swift in Sources */ = {isa = PBXBuildFile; fileRef = 4DEE4FD53FF10BD07A8D0FC6 /* SceneDelegate.swift */; };
		B9B7E4E4C2FD47712300278F /* Pods_ViperSample.framework in Frameworks */ = {isa = PBXBuildFile; fileRef = C7987D659B4FE3AD16833D92 /* Pods_ViperSample.framework */; };
		C19CBA8013874E3396F613C7 /* ViperSampleTests.swift in Sources */ = {isa = PBXBuildFile; fileRef = 60B60E7B58E92B07CE7D5CD0 /* ViperSampleTests.swift */; };
		C4104FFE701690BDC0809F49 /* Assets.xcassets in Resources */ = {isa = PBXBuildFile; fileRef = D0D19EF7109F66A9919C0009 /* Assets.xcassets */; };
		DE1DC41C16C718E361E269EA /* LaunchScreen.storyboard in Resources */ = {isa = PBXBuildFile; fileRef = 4236E4787A812BBF28ED0708 /* LaunchScreen.storyboard */; };
		EDF1BAA6F46F3ADA76850BE4 /* Main.storyboard in Resources */ = {isa = PBXBuildFile; fileRef = BCD9528FD5FDD01C89F5B4F2 /* Main.storyboard */; };
/* End PBXBuildFile section */

/* Begin PBXContainerItemProxy section */
		2F93685F76580A0BB14BF37D /* PBXContainerItemProxy */ = {
			isa = PBXContainerItemProxy;
			containerPortal = 9CDE47397E4665DE26EB3759 /* Project object */;
			proxyType = 1;
			remoteGlobalIDString = 1F05EBCF4B0D2426EC9847CA;
			remoteInfo = ViperSample;
		};
/* End PBXContainerItemProxy section */

/* Begin PBXFileReference section */
		0D68C688AC8433B90BCE2FF7 /* ViewController.swift */ = {isa = PBXFileReference; lastKnownFileType = sourcecode.swift; path = ViewController.swift; sourceTree = "<group>"; };
		161AA74344842BE3F76C32A9 /* ViperSample.app */ = {isa = PBXFileReference; includeInIndex = 0; lastKnownFileType = wrapper.application; path = ViperSample.app; sourceTree = BUILT_PRODUCTS_DIR; };
		241093EB9C5A0535CA32A0AF /* Pods-ViperSample.components.xcconfig */ = {isa = PBXFileReference; includeInIndex = 1; lastKnownFileType = text.xcconfig; name = "Pods-ViperSample.components.xcconfig"; path = "Target Support Files/Pods-ViperSample/Pods-ViperSample.components.xcconfig"; sourceTree = "<group>"; };
		32C25E51D0CC23B004110DE5 /* Pods_ViperSample_ViperSampleTests.framework */ = {isa = PBXFileReference; explicitFileType = wrapper.framework; includeInIndex = 0; path = Pods_ViperSample_ViperSampleTests.framework; sourceTree = BUILT_PRODUCTS_DIR; };
		3E5C4287B973AA184BEFB178 /* Pods-ViperSample-ViperSampleTests.debug.xcconfig */ = {isa = PBXFileReference; includeInIndex = 1; lastKnownFileType = text.xcconfig; name = "Pods-ViperSample-ViperSampleTests.debug.xcconfig"; path = "Target Support Files/Pods-ViperSample-ViperSampleTests/Pods-ViperSample-ViperSampleTests.debug.xcconfig"; sourceTree = "<group>"; };
		44D4238C4E18339AEFADBD07 /* Pods-ViperSample-ViperSampleTests.release.xcconfig */ = {isa = PBXFileReference; includeInIndex = 1; lastKnownFileType = text.xcconfig; name = "Pods-ViperSample-ViperSampleTests.release.xcconfig"; path = "Target Support Files/Pods-ViperSample-ViperSampleTests/Pods-ViperSample-ViperSampleTests.release.xcconfig"; sourceTree = "<group>"; };
		4DEE4FD53FF10BD07A8D0FC6 /* SceneDelegate.swift */ = {isa = PBXFileReference; lastKnownFileType = sourcecode.swift; path = SceneDelegate.swift; sourceTree = "<group>"; };
		5ACD46BFDF41800B066929A3 /* Pods-ViperSample.release.xcconfig */ = {isa = PBXFileReference; includeInIndex = 1; lastKnownFileType = text.xcconfig; name = "Pods-ViperSample.release.xcconfig"; path = "Target Support Files/Pods-ViperSample/Pods-ViperSample.release.xcconfig"; sourceTree = "<group>"; };
		60B60E7B58E92B07CE7D5CD0 /* ViperSampleTests.swift */ = {isa = PBXFileReference; lastKnownFileType = sourcecode.swift; path = ViperSampleTests.swift; sourceTree = "<group>"; };
		74A2880EA2B32388752282FB /* AppDelegate.swift */ = {isa = PBXFileReference; lastKnownFileType = sourcecode.swift; path = AppDelegate.swift; sourceTree = "<group>"; };
		7C942EFC188576E9C32963F5 /* Pods-ViperSample.debug.xcconfig */ = {isa = PBXFileReference; includeInIndex = 1; lastKnownFileType = text.xcconfig; name = "Pods-ViperSample.debug.xcconfig"; path = "Target Support Files/Pods-ViperSample/Pods-ViperSample.debug.xcconfig"; sourceTree = "<group>"; };
		A2B7FF3CD255A3E1CFBE104E /* Pods-ViperSample-ViperSampleTests.components.xcconfig */ = {isa = PBXFileReference; includeInIndex = 1; lastKnownFileType = text.xcconfig; name = "Pods-ViperSample-ViperSampleTests.components.xcconfig"; path = "Target Support Files/Pods-ViperSample-ViperSampleTests/Pods-ViperSample-ViperSampleTests.components.xcconfig"; sourceTree = "<group>"; };
		A9C3D10B17E02D0F5E190EB4 /* Base */ = {isa = PBXFileReference; lastKnownFileType = file.storyboard; name = Base; path = Base.lproj/Main.storyboard; sourceTree = "<group>"; };
		C74CA36BBD3EDA5C72DB02A4 /* ViperSampleTests.xctest */ = {isa = PBXFileReference; includeInIndex = 0; lastKnownFileType = wrapper.cfbundle; path = ViperSampleTests.xctest; sourceTree = BUILT_PRODUCTS_DIR; };
		C76318EDF0E092FFF269A6E8 /* Info.plist */ = {isa = PBXFileReference; lastKnownFileType = text.plist; path = Info.plist; sourceTree = "<group>"; };
		C7987D659B4FE3AD16833D92 /* Pods_ViperSample.framework */ = {isa = PBXFileReference; explicitFileType = wrapper.framework; includeInIndex = 0; path = Pods_ViperSample.framework; sourceTree = BUILT_PRODUCTS_DIR; };
		D0D19EF7109F66A9919C0009 /* Assets.xcassets */ = {isa = PBXFileReference; lastKnownFileType = folder.assetcatalog; path = Assets.xcassets; sourceTree = "<group>"; };
		FFECEB9193A869AE213FEBD8 /* Base */ = {isa = PBXFileReference; lastKnownFileType = file.storyboard; name = Base; path = Base.lproj/LaunchScreen.storyboard; sourceTree = "<group>"; };
/* End PBXFileReference section */

/* Begin PBXFrameworksBuildPhase section */
		41137ACB8FD84CEDE0FC6FCD /* Frameworks */ = {
			isa = PBXFrameworksBuildPhase;
			buildActionMask = 2147483647;
			files = (
				1A4B79E7F455DE5DAEA1B7BB /* Pods_ViperSample_ViperSampleTests.framework in Frameworks */,
			);
			runOnlyForDeploymentPostprocessing = 0;
		};
		A86C698E85A7B1BD0C322A70 /* Frameworks */ = {
			isa = PBXFrameworksBuildPhase;
			buildActionMask = 2147483647;
			files = (
				B9B7E4E4C2FD47712300278F /* Pods_ViperSample.framework in Frameworks */,
			);
			runOnlyForDeploymentPostprocessing = 0;
		};
/* End PBXFrameworksBuildPhase section */

/* Begin PBXGroup section */
		2A96EDDD98BEB0E6F6D94D55 /* ViperSample */ = {
			isa = PBXGroup;
			children = (
				74A2880EA2B32388752282FB /* AppDelegate.swift */,
				D0D19EF7109F66A9919C0009 /* Assets.xcassets */,
				C76318EDF0E092FFF269A6E8 /* Info.plist */,
				4236E4787A812BBF28ED0708 /* LaunchScreen.storyboard */,
				BCD9528FD5FDD01C89F5B4F2 /* Main.storyboard */,
				4DEE4FD53FF10BD07A8D0FC6 /* SceneDelegate.swift */,
				0D68C688AC8433B90BCE2FF7 /* ViewController.swift */,
			);
			path = ViperSample;
			sourceTree = "<group>";
		};
		54A076A68D613ABECCEDE6B5 = {
			isa = PBXGroup;
			children = (
				2A96EDDD98BEB0E6F6D94D55 /* ViperSample */,
				8D14976F9BA8A068DE69D0C6 /* ViperSampleTests */,
				54E33662BACC697B1055B8CA /* Products */,
				F007D88A7575316A0F9543C9 /* Pods */,
				C5E6B03495AEC992FB4A0545 /* Frameworks */,
			);
			sourceTree = "<group>";
		};
		54E33662BACC697B1055B8CA /* Products */ = {
			isa = PBXGroup;
			children = (
				161AA74344842BE3F76C32A9 /* ViperSample.app */,
				C74CA36BBD3EDA5C72DB02A4 /* ViperSampleTests.xctest */,
			);
			name = Products;
			sourceTree = "<group>";
		};
		8D14976F9BA8A068DE69D0C6 /* ViperSampleTests */ = {
			isa = PBXGroup;
			children = (
				60B60E7B58E92B07CE7D5CD0 /* ViperSampleTests.swift */,
			);
			path = ViperSampleTests;
			sourceTree = "<group>";
		};
		C5E6B03495AEC992FB4A0545 /* Frameworks */ = {
			isa = PBXGroup;
			children = (
				C7987D659B4FE3AD16833D92 /* Pods_ViperSample.framework */,
				32C25E51D0CC23B004110DE5 /* Pods_ViperSample_ViperSampleTests.framework */,
			);
			name = Frameworks;
			sourceTree = "<group>";
		};
		F007D88A7575316A0F9543C9 /* Pods */ = {
			isa = PBXGroup;
			children = (
				241093EB9C5A0535CA32A0AF /* Pods-ViperSample.components.xcconfig */,
				7C942EFC188576E9C32963F5 /* Pods-ViperSample.debug.xcconfig */,
				5ACD46BFDF41800B066929A3 /* Pods-ViperSample.release.xcconfig */,
				A2B7FF3CD255A3E1CFBE104E /* Pods-ViperSample-ViperSampleTests.components.xcconfig */,
				3E5C4287B973AA184BEFB178 /* Pods-ViperSample-ViperSampleTests.debug.xcconfig */,
				44D4238C4E18339AEFADBD07 /* Pods-ViperSample-ViperSampleTests.release.xcconfig */,
			);
			name = Pods;
			path = Pods;
			sourceTree = "<group>";
		};
/* End PBXGroup section */

/* Begin PBXNativeTarget section */
		1F05EBCF4B0D2426EC9847CA /* ViperSample */ = {
			isa = PBXNativeTarget;
			buildConfigurationList = 012184F2118B3E7E52C2CE83 /* Build configuration list for PBXNativeTarget "ViperSample" */;
			buildPhases = (
				D3BF63C2BAA75DCD622A35DE /* [CP] Check Pods Manifest.lock */,
				A67BFECB934BE9DE7C4780B7 /* Sources */,
				564987F8D0FBAFE8BEB9CA0D /* Resources */,
				A86C698E85A7B1BD0C322A70 /* Frameworks */,
			);
			buildRules = (
			);
			dependencies = (
			);
			name = ViperSample;
			productName = ViperSample;
			productReference = 161AA74344842BE3F76C32A9 /* ViperSample.app */;
			productType = "com.apple.product-type.application";
		};
		624A208F4F59A324F3F75FD1 /* ViperSampleTests */ = {
			isa = PBXNativeTarget;
			buildConfigurationList = 0373F5770977EEE2953A8E6B /* Build configuration list for PBXNativeTarget "ViperSampleTests" */;
			buildPhases = (
				89230A109A85977180542170 /* [CP] Check Pods Manifest.lock */,
				4E55EBE96B0D05CFECEF9DE1 /* Sources */,
				41137ACB8FD84CEDE0FC6FCD /* Frameworks */,
				009DCE9DFA7AAF25BAE4F5A1 /* [CP] Embed Pods Frameworks */,
			);
			buildRules = (
			);
			dependencies = (
				399397F5146D51E570B70EA3 /* PBXTargetDependency */,
			);
			name = ViperSampleTests;
			productName = ViperSampleTests;
			productReference = C74CA36BBD3EDA5C72DB02A4 /* ViperSampleTests.xctest */;
			productType = "com.apple.product-type.bundle.unit-test";
		};
/* End PBXNativeTarget section */

/* Begin PBXProject section */
		9CDE47397E4665DE26EB3759 /* Project object */ = {
			isa = PBXProject;
			attributes = {
				LastUpgradeCheck = 1300;
				TargetAttributes = {
					1F05EBCF4B0D2426EC9847CA = {
						DevelopmentTeam = A9VWLHHDRZ;
						ProvisioningStyle = Manual;
					};
				};
			};
			buildConfigurationList = AB397BF87898E2B9B9496C29 /* Build configuration list for PBXProject "ViperSample" */;
			compatibilityVersion = "Xcode 10.0";
			developmentRegion = en;
			hasScannedForEncodings = 0;
			knownRegions = (
				Base,
				en,
			);
			mainGroup = 54A076A68D613ABECCEDE6B5;
			productRefGroup = 54E33662BACC697B1055B8CA /* Products */;
			projectDirPath = "";
			projectRoot = "";
			targets = (
				1F05EBCF4B0D2426EC9847CA /* ViperSample */,
				624A208F4F59A324F3F75FD1 /* ViperSampleTests */,
			);
		};
/* End PBXProject section */

/* Begin PBXResourcesBuildPhase section */
		564987F8D0FBAFE8BEB9CA0D /* Resources */ = {
			isa = PBXResourcesBuildPhase;
			buildActionMask = 2147483647;
			files = (
				C4104FFE701690BDC0809F49 /* Assets.xcassets in Resources */,
				DE1DC41C16C718E361E269EA /* LaunchScreen.storyboard in Resources */,
				EDF1BAA6F46F3ADA76850BE4 /* Main.storyboard in Resources */,
			);
			runOnlyForDeploymentPostprocessing = 0;
		};
/* End PBXResourcesBuildPhase section */

/* Begin PBXShellScriptBuildPhase section */
		009DCE9DFA7AAF25BAE4F5A1 /* [CP] Embed Pods Frameworks */ = {
			isa = PBXShellScriptBuildPhase;
			buildActionMask = 2147483647;
			files = (
			);
			inputFileListPaths = (
				"${PODS_ROOT}/Target Support Files/Pods-ViperSample-ViperSampleTests/Pods-ViperSample-ViperSampleTests-frameworks-${CONFIGURATION}-input-files.xcfilelist",
			);
			name = "[CP] Embed Pods Frameworks";
			outputFileListPaths = (
				"${PODS_ROOT}/Target Support Files/Pods-ViperSample-ViperSampleTests/Pods-ViperSample-ViperSampleTests-frameworks-${CONFIGURATION}-output-files.xcfilelist",
			);
			runOnlyForDeploymentPostprocessing = 0;
			shellPath = /bin/sh;
			shellScript = "\"${PODS_ROOT}/Target Support Files/Pods-ViperSample-ViperSampleTests/Pods-ViperSample-ViperSampleTests-frameworks.sh\"\n";
			showEnvVarsInLog = 0;
		};
		89230A109A85977180542170 /* [CP] Check Pods Manifest.lock */ = {
			isa = PBXShellScriptBuildPhase;
			buildActionMask = 2147483647;
			files = (
			);
			inputFileListPaths = (
			);
			inputPaths = (
				"${PODS_PODFILE_DIR_PATH}/Podfile.lock",
				"${PODS_ROOT}/Manifest.lock",
			);
			name = "[CP] Check Pods Manifest.lock";
			outputFileListPaths = (
			);
			outputPaths = (
				"$(DERIVED_FILE_DIR)/Pods-ViperSample-ViperSampleTests-checkManifestLockResult.txt",
			);
			runOnlyForDeploymentPostprocessing = 0;
			shellPath = /bin/sh;
			shellScript = "diff \"${PODS_PODFILE_DIR_PATH}/Podfile.lock\" \"${PODS_ROOT}/Manifest.lock\" > /dev/null\nif [ $? != 0 ] ; then\n    # print error to STDERR\n    echo \"error: The sandbox is not in sync with the Podfile.lock. Run 'pod install' or update your CocoaPods installation.\" >&2\n    exit 1\nfi\n# This output is used by Xcode 'outputs' to avoid re-running this script phase.\necho \"SUCCESS\" > \"${SCRIPT_OUTPUT_FILE_0}\"\n";
			showEnvVarsInLog = 0;
		};
		D3BF63C2BAA75DCD622A35DE /* [CP] Check Pods Manifest.lock */ = {
			isa = PBXShellScriptBuildPhase;
			buildActionMask = 2147483647;
			files = (
			);
			inputFileListPaths = (
			);
			inputPaths = (
				"${PODS_PODFILE_DIR_PATH}/Podfile.lock",
				"${PODS_ROOT}/Manifest.lock",
			);
			name = "[CP] Check Pods Manifest.lock";
			outputFileListPaths = (
			);
			outputPaths = (
				"$(DERIVED_FILE_DIR)/Pods-ViperSample-checkManifestLockResult.txt",
			);
			runOnlyForDeploymentPostprocessing = 0;
			shellPath = /bin/sh;
			shellScript = "diff \"${PODS_PODFILE_DIR_PATH}/Podfile.lock\" \"${PODS_ROOT}/Manifest.lock\" > /dev/null\nif [ $? != 0 ] ; then\n    # print error to STDERR\n    echo \"error: The sandbox is not in sync with the Podfile.lock. Run 'pod install' or update your CocoaPods installation.\" >&2\n    exit 1\nfi\n# This output is used by Xcode 'outputs' to avoid re-running this script phase.\necho \"SUCCESS\" > \"${SCRIPT_OUTPUT_FILE_0}\"\n";
			showEnvVarsInLog = 0;
		};
/* End PBXShellScriptBuildPhase section */

/* Begin PBXSourcesBuildPhase section */
		4E55EBE96B0D05CFECEF9DE1 /* Sources */ = {
			isa = PBXSourcesBuildPhase;
			buildActionMask = 2147483647;
			files = (
				C19CBA8013874E3396F613C7 /* ViperSampleTests.swift in Sources */,
			);
			runOnlyForDeploymentPostprocessing = 0;
		};
		A67BFECB934BE9DE7C4780B7 /* Sources */ = {
			isa = PBXSourcesBuildPhase;
			buildActionMask = 2147483647;
			files = (
				082580FC0A2C507D247D8B20 /* AppDelegate.swift in Sources */,
				7DA9EFA2167EFB37712F8DAB /* SceneDelegate.swift in Sources */,
				14C099BD039FC53C87A0427D /* ViewController.swift in Sources */,
			);
			runOnlyForDeploymentPostprocessing = 0;
		};
/* End PBXSourcesBuildPhase section */

/* Begin PBXTargetDependency section */
		399397F5146D51E570B70EA3 /* PBXTargetDependency */ = {
			isa = PBXTargetDependency;
			target = 1F05EBCF4B0D2426EC9847CA /* ViperSample */;
			targetProxy = 2F93685F76580A0BB14BF37D /* PBXContainerItemProxy */;
		};
/* End PBXTargetDependency section */

/* Begin PBXVariantGroup section */
		4236E4787A812BBF28ED0708 /* LaunchScreen.storyboard */ = {
			isa = PBXVariantGroup;
			children = (
				FFECEB9193A869AE213FEBD8 /* Base */,
			);
			name = LaunchScreen.storyboard;
			sourceTree = "<group>";
		};
		BCD9528FD5FDD01C89F5B4F2 /* Main.storyboard */ = {
			isa = PBXVariantGroup;
			children = (
				A9C3D10B17E02D0F5E190EB4 /* Base */,
			);
			name = Main.storyboard;
			sourceTree = "<group>";
		};
/* End PBXVariantGroup section */

/* Begin XCBuildConfiguration section */
		06AA3DDC0503990418763E13 /* Components */ = {
			isa = XCBuildConfiguration;
			baseConfigurationReference = 241093EB9C5A0535CA32A0AF /* Pods-ViperSample.components.xcconfig */;
			buildSettings = {
				ARCHS = "$(ARCHS_STANDARD)";
				ASSETCATALOG_COMPILER_APPICON_NAME = AppIcon;
				CODE_SIGN_IDENTITY = "iPhone Developer";
				CODE_SIGN_STYLE = Manual;
				DEVELOPMENT_TEAM = A9VWLHHDRZ;
				ENABLE_BITCODE = YES;
				INFOPLIST_FILE = ViperSample/Info.plist;
				LD_RUNPATH_SEARCH_PATHS = (
					"$(inherited)",
					"@executable_path/Frameworks",
				);
				PRODUCT_BUNDLE_IDENTIFIER = br.com.ViperSample;
				SDKROOT = iphoneos;
				TARGETED_DEVICE_FAMILY = 1;
			};
			name = Components;
		};
		06C21B97DD2E7E6C5B3C5F81 /* Release */ = {
			isa = XCBuildConfiguration;
			baseConfigurationReference = 5ACD46BFDF41800B066929A3 /* Pods-ViperSample.release.xcconfig */;
			buildSettings = {
				ARCHS = "$(ARCHS_STANDARD)";
				ASSETCATALOG_COMPILER_APPICON_NAME = AppIcon;
				CODE_SIGN_IDENTITY = "iPhone Developer";
				CODE_SIGN_STYLE = Manual;
				DEVELOPMENT_TEAM = A9VWLHHDRZ;
				ENABLE_BITCODE = YES;
				INFOPLIST_FILE = ViperSample/Info.plist;
				LD_RUNPATH_SEARCH_PATHS = (
					"$(inherited)",
					"@executable_path/Frameworks",
				);
				PRODUCT_BUNDLE_IDENTIFIER = br.com.ViperSample;
				SDKROOT = iphoneos;
				TARGETED_DEVICE_FAMILY = 1;
			};
			name = Release;
		};
		172B9E3B2BED91630C1BFA91 /* Debug */ = {
			isa = XCBuildConfiguration;
			baseConfigurationReference = 3E5C4287B973AA184BEFB178 /* Pods-ViperSample-ViperSampleTests.debug.xcconfig */;
			buildSettings = {
				BUNDLE_LOADER = "$(TEST_HOST)";
				LD_RUNPATH_SEARCH_PATHS = (
					"$(inherited)",
					"@executable_path/Frameworks",
					"@loader_path/Frameworks",
				);
				SDKROOT = iphoneos;
				TARGETED_DEVICE_FAMILY = "1,2";
				TEST_HOST = "$(BUILT_PRODUCTS_DIR)/ViperSample.app/ViperSample";
			};
			name = Debug;
		};
		3BDF02ED0EB560E516A70CF0 /* Release */ = {
			isa = XCBuildConfiguration;
			buildSettings = {
				ALWAYS_EMBED_SWIFT_STANDARD_LIBRARIES = YES;
				ALWAYS_SEARCH_USER_PATHS = NO;
				ARCHS = "$(ARCHS_STANDARD)";
				CLANG_ANALYZER_NONNULL = YES;
				CLANG_ANALYZER_NUMBER_OBJECT_CONVERSION = YES_AGGRESSIVE;
				CLANG_CXX_LANGUAGE_STANDARD = "gnu++14";
				CLANG_CXX_LIBRARY = "libc++";
				CLANG_ENABLE_MODULES = YES;
				CLANG_ENABLE_OBJC_ARC = YES;
				CLANG_ENABLE_OBJC_WEAK = YES;
				CLANG_WARN_BLOCK_CAPTURE_AUTORELEASING = YES;
				CLANG_WARN_BOOL_CONVERSION = YES;
				CLANG_WARN_COMMA = YES;
				CLANG_WARN_CONSTANT_CONVERSION = YES;
				CLANG_WARN_DEPRECATED_OBJC_IMPLEMENTATIONS = YES;
				CLANG_WARN_DIRECT_OBJC_ISA_USAGE = YES_ERROR;
				CLANG_WARN_DOCUMENTATION_COMMENTS = YES;
				CLANG_WARN_EMPTY_BODY = YES;
				CLANG_WARN_ENUM_CONVERSION = YES;
				CLANG_WARN_INFINITE_RECURSION = YES;
				CLANG_WARN_INT_CONVERSION = YES;
				CLANG_WARN_NON_LITERAL_NULL_CONVERSION = YES;
				CLANG_WARN_OBJC_IMPLICIT_RETAIN_SELF = YES;
				CLANG_WARN_OBJC_LITERAL_CONVERSION = YES;
				CLANG_WARN_OBJC_ROOT_CLASS = YES_ERROR;
				CLANG_WARN_QUOTED_INCLUDE_IN_FRAMEWORK_HEADER = YES;
				CLANG_WARN_RANGE_LOOP_ANALYSIS = YES;
				CLANG_WARN_STRICT_PROTOTYPES = YES;
				CLANG_WARN_SUSPICIOUS_MOVE = YES;
				CLANG_WARN_UNGUARDED_AVAILABILITY = YES_AGGRESSIVE;
				CLANG_WARN_UNREACHABLE_CODE = YES;
				CLANG_WARN__DUPLICATE_METHOD_MATCH = YES;
				CODE_SIGN_IDENTITY = "iPhone Developer";
				COPY_PHASE_STRIP = NO;
				DEBUG_INFORMATION_FORMAT = "dwarf-with-dsym";
				ENABLE_NS_ASSERTIONS = NO;
				ENABLE_STRICT_OBJC_MSGSEND = YES;
				GCC_C_LANGUAGE_STANDARD = gnu11;
				GCC_NO_COMMON_BLOCKS = YES;
				GCC_WARN_64_TO_32_BIT_CONVERSION = YES;
				GCC_WARN_ABOUT_RETURN_TYPE = YES_ERROR;
				GCC_WARN_UNDECLARED_SELECTOR = YES;
				GCC_WARN_UNINITIALIZED_AUTOS = YES_AGGRESSIVE;
				GCC_WARN_UNUSED_FUNCTION = YES;
				GCC_WARN_UNUSED_VARIABLE = YES;
				IPHONEOS_DEPLOYMENT_TARGET = 13.0;
				MARKETING_VERSION = 0.0.1;
				MTL_ENABLE_DEBUG_INFO = NO;
				MTL_FAST_MATH = YES;
				PRODUCT_NAME = "$(TARGET_NAME)";
				SDKROOT = iphoneos;
				SWIFT_COMPILATION_MODE = wholemodule;
				SWIFT_OPTIMIZATION_LEVEL = "-O";
				SWIFT_VERSION = 5.0;
				VERSIONING_SYSTEM = "apple-generic";
			};
			name = Release;
		};
		5FC82B7DB897D7FFC4B530FE /* Release */ = {
			isa = XCBuildConfiguration;
			baseConfigurationReference = 44D4238C4E18339AEFADBD07 /* Pods-ViperSample-ViperSampleTests.release.xcconfig */;
			buildSettings = {
				BUNDLE_LOADER = "$(TEST_HOST)";
				LD_RUNPATH_SEARCH_PATHS = (
					"$(inherited)",
					"@executable_path/Frameworks",
					"@loader_path/Frameworks",
				);
				SDKROOT = iphoneos;
				TARGETED_DEVICE_FAMILY = "1,2";
				TEST_HOST = "$(BUILT_PRODUCTS_DIR)/ViperSample.app/ViperSample";
			};
			name = Release;
		};
		7873987F52F28FD1ED7049CD /* Components */ = {
			isa = XCBuildConfiguration;
			buildSettings = {
				ALWAYS_EMBED_SWIFT_STANDARD_LIBRARIES = YES;
				ALWAYS_SEARCH_USER_PATHS = NO;
				ARCHS = "$(ARCHS_STANDARD)";
				CLANG_ANALYZER_NONNULL = YES;
				CLANG_ANALYZER_NUMBER_OBJECT_CONVERSION = YES_AGGRESSIVE;
				CLANG_CXX_LANGUAGE_STANDARD = "gnu++14";
				CLANG_CXX_LIBRARY = "libc++";
				CLANG_ENABLE_MODULES = YES;
				CLANG_ENABLE_OBJC_ARC = YES;
				CLANG_ENABLE_OBJC_WEAK = YES;
				CLANG_WARN_BLOCK_CAPTURE_AUTORELEASING = YES;
				CLANG_WARN_BOOL_CONVERSION = YES;
				CLANG_WARN_COMMA = YES;
				CLANG_WARN_CONSTANT_CONVERSION = YES;
				CLANG_WARN_DEPRECATED_OBJC_IMPLEMENTATIONS = YES;
				CLANG_WARN_DIRECT_OBJC_ISA_USAGE = YES_ERROR;
				CLANG_WARN_DOCUMENTATION_COMMENTS = YES;
				CLANG_WARN_EMPTY_BODY = YES;
				CLANG_WARN_ENUM_CONVERSION = YES;
				CLANG_WARN_INFINITE_RECURSION = YES;
				CLANG_WARN_INT_CONVERSION = YES;
				CLANG_WARN_NON_LITERAL_NULL_CONVERSION = YES;
				CLANG_WARN_OBJC_IMPLICIT_RETAIN_SELF = YES;
				CLANG_WARN_OBJC_LITERAL_CONVERSION = YES;
				CLANG_WARN_OBJC_ROOT_CLASS = YES_ERROR;
				CLANG_WARN_QUOTED_INCLUDE_IN_FRAMEWORK_HEADER = YES;
				CLANG_WARN_RANGE_LOOP_ANALYSIS = YES;
				CLANG_WARN_STRICT_PROTOTYPES = YES;
				CLANG_WARN_SUSPICIOUS_MOVE = YES;
				CLANG_WARN_UNGUARDED_AVAILABILITY = YES_AGGRESSIVE;
				CLANG_WARN_UNREACHABLE_CODE = YES;
				CLANG_WARN__DUPLICATE_METHOD_MATCH = YES;
				CODE_SIGN_IDENTITY = "iPhone Developer";
				COPY_PHASE_STRIP = NO;
				DEBUG_INFORMATION_FORMAT = dwarf;
				ENABLE_STRICT_OBJC_MSGSEND = YES;
				ENABLE_TESTABILITY = YES;
				GCC_C_LANGUAGE_STANDARD = gnu11;
				GCC_DYNAMIC_NO_PIC = NO;
				GCC_NO_COMMON_BLOCKS = YES;
				GCC_OPTIMIZATION_LEVEL = 0;
				GCC_PREPROCESSOR_DEFINITIONS = (
					"$(inherited)",
					"DEBUG=1",
				);
				GCC_WARN_64_TO_32_BIT_CONVERSION = YES;
				GCC_WARN_ABOUT_RETURN_TYPE = YES_ERROR;
				GCC_WARN_UNDECLARED_SELECTOR = YES;
				GCC_WARN_UNINITIALIZED_AUTOS = YES_AGGRESSIVE;
				GCC_WARN_UNUSED_FUNCTION = YES;
				GCC_WARN_UNUSED_VARIABLE = YES;
				IPHONEOS_DEPLOYMENT_TARGET = 13.0;
				MARKETING_VERSION = 0.0.1;
				MTL_ENABLE_DEBUG_INFO = INCLUDE_SOURCE;
				MTL_FAST_MATH = YES;
				ONLY_ACTIVE_ARCH = YES;
				PRODUCT_NAME = "$(TARGET_NAME)";
				SDKROOT = iphoneos;
				SWIFT_ACTIVE_COMPILATION_CONDITIONS = DEBUG;
				SWIFT_OPTIMIZATION_LEVEL = "-Onone";
				SWIFT_VERSION = 5.0;
				VERSIONING_SYSTEM = "apple-generic";
			};
			name = Components;
		};
		9871AB7F56A9CFA8081654EF /* Components */ = {
			isa = XCBuildConfiguration;
			baseConfigurationReference = A2B7FF3CD255A3E1CFBE104E /* Pods-ViperSample-ViperSampleTests.components.xcconfig */;
			buildSettings = {
				BUNDLE_LOADER = "$(TEST_HOST)";
				LD_RUNPATH_SEARCH_PATHS = (
					"$(inherited)",
					"@executable_path/Frameworks",
					"@loader_path/Frameworks",
				);
				SDKROOT = iphoneos;
				TARGETED_DEVICE_FAMILY = "1,2";
				TEST_HOST = "$(BUILT_PRODUCTS_DIR)/ViperSample.app/ViperSample";
			};
			name = Components;
		};
		D4825B824656D14501712545 /* Debug */ = {
			isa = XCBuildConfiguration;
			buildSettings = {
				ALWAYS_EMBED_SWIFT_STANDARD_LIBRARIES = YES;
				ALWAYS_SEARCH_USER_PATHS = NO;
				ARCHS = "$(ARCHS_STANDARD)";
				CLANG_ANALYZER_NONNULL = YES;
				CLANG_ANALYZER_NUMBER_OBJECT_CONVERSION = YES_AGGRESSIVE;
				CLANG_CXX_LANGUAGE_STANDARD = "gnu++14";
				CLANG_CXX_LIBRARY = "libc++";
				CLANG_ENABLE_MODULES = YES;
				CLANG_ENABLE_OBJC_ARC = YES;
				CLANG_ENABLE_OBJC_WEAK = YES;
				CLANG_WARN_BLOCK_CAPTURE_AUTORELEASING = YES;
				CLANG_WARN_BOOL_CONVERSION = YES;
				CLANG_WARN_COMMA = YES;
				CLANG_WARN_CONSTANT_CONVERSION = YES;
				CLANG_WARN_DEPRECATED_OBJC_IMPLEMENTATIONS = YES;
				CLANG_WARN_DIRECT_OBJC_ISA_USAGE = YES_ERROR;
				CLANG_WARN_DOCUMENTATION_COMMENTS = YES;
				CLANG_WARN_EMPTY_BODY = YES;
				CLANG_WARN_ENUM_CONVERSION = YES;
				CLANG_WARN_INFINITE_RECURSION = YES;
				CLANG_WARN_INT_CONVERSION = YES;
				CLANG_WARN_NON_LITERAL_NULL_CONVERSION = YES;
				CLANG_WARN_OBJC_IMPLICIT_RETAIN_SELF = YES;
				CLANG_WARN_OBJC_LITERAL_CONVERSION = YES;
				CLANG_WARN_OBJC_ROOT_CLASS = YES_ERROR;
				CLANG_WARN_QUOTED_INCLUDE_IN_FRAMEWORK_HEADER = YES;
				CLANG_WARN_RANGE_LOOP_ANALYSIS = YES;
				CLANG_WARN_STRICT_PROTOTYPES = YES;
				CLANG_WARN_SUSPICIOUS_MOVE = YES;
				CLANG_WARN_UNGUARDED_AVAILABILITY = YES_AGGRESSIVE;
				CLANG_WARN_UNREACHABLE_CODE = YES;
				CLANG_WARN__DUPLICATE_METHOD_MATCH = YES;
				CODE_SIGN_IDENTITY = "iPhone Developer";
				COPY_PHASE_STRIP = NO;
				DEBUG_INFORMATION_FORMAT = dwarf;
				ENABLE_STRICT_OBJC_MSGSEND = YES;
				ENABLE_TESTABILITY = YES;
				GCC_C_LANGUAGE_STANDARD = gnu11;
				GCC_DYNAMIC_NO_PIC = NO;
				GCC_NO_COMMON_BLOCKS = YES;
				GCC_OPTIMIZATION_LEVEL = 0;
				GCC_PREPROCESSOR_DEFINITIONS = (
					"$(inherited)",
					"DEBUG=1",
				);
				GCC_WARN_64_TO_32_BIT_CONVERSION = YES;
				GCC_WARN_ABOUT_RETURN_TYPE = YES_ERROR;
				GCC_WARN_UNDECLARED_SELECTOR = YES;
				GCC_WARN_UNINITIALIZED_AUTOS = YES_AGGRESSIVE;
				GCC_WARN_UNUSED_FUNCTION = YES;
				GCC_WARN_UNUSED_VARIABLE = YES;
				IPHONEOS_DEPLOYMENT_TARGET = 13.0;
				MARKETING_VERSION = 0.0.1;
				MTL_ENABLE_DEBUG_INFO = INCLUDE_SOURCE;
				MTL_FAST_MATH = YES;
				ONLY_ACTIVE_ARCH = YES;
				PRODUCT_NAME = "$(TARGET_NAME)";
				SDKROOT = iphoneos;
				SWIFT_ACTIVE_COMPILATION_CONDITIONS = DEBUG;
				SWIFT_OPTIMIZATION_LEVEL = "-Onone";
				SWIFT_VERSION = 5.0;
				VERSIONING_SYSTEM = "apple-generic";
			};
			name = Debug;
		};
		D7AFF9846976B001265D392B /* Debug */ = {
			isa = XCBuildConfiguration;
			baseConfigurationReference = 7C942EFC188576E9C32963F5 /* Pods-ViperSample.debug.xcconfig */;
			buildSettings = {
				ARCHS = "$(ARCHS_STANDARD)";
				ASSETCATALOG_COMPILER_APPICON_NAME = AppIcon;
				CODE_SIGN_IDENTITY = "iPhone Developer";
				CODE_SIGN_STYLE = Manual;
				DEVELOPMENT_TEAM = A9VWLHHDRZ;
				ENABLE_BITCODE = YES;
				INFOPLIST_FILE = ViperSample/Info.plist;
				LD_RUNPATH_SEARCH_PATHS = (
					"$(inherited)",
					"@executable_path/Frameworks",
				);
				PRODUCT_BUNDLE_IDENTIFIER = br.com.ViperSample;
				SDKROOT = iphoneos;
				TARGETED_DEVICE_FAMILY = 1;
			};
			name = Debug;
		};
/* End XCBuildConfiguration section */

/* Begin XCConfigurationList section */
		012184F2118B3E7E52C2CE83 /* Build configuration list for PBXNativeTarget "ViperSample" */ = {
			isa = XCConfigurationList;
			buildConfigurations = (
				06AA3DDC0503990418763E13 /* Components */,
				D7AFF9846976B001265D392B /* Debug */,
				06C21B97DD2E7E6C5B3C5F81 /* Release */,
			);
			defaultConfigurationIsVisible = 0;
			defaultConfigurationName = Release;
		};
		0373F5770977EEE2953A8E6B /* Build configuration list for PBXNativeTarget "ViperSampleTests" */ = {
			isa = XCConfigurationList;
			buildConfigurations = (
				9871AB7F56A9CFA8081654EF /* Components */,
				172B9E3B2BED91630C1BFA91 /* Debug */,
				5FC82B7DB897D7FFC4B530FE /* Release */,
			);
			defaultConfigurationIsVisible = 0;
			defaultConfigurationName = Release;
		};
		AB397BF87898E2B9B9496C29 /* Build configuration list for PBXProject "ViperSample" */ = {
			isa = XCConfigurationList;
			buildConfigurations = (
				7873987F52F28FD1ED7049CD /* Components */,
				D4825B824656D14501712545 /* Debug */,
				3BDF02ED0EB560E516A70CF0 /* Release */,
			);
			defaultConfigurationIsVisible = 0;
			defaultConfigurationName = Release;
		};
/* End XCConfigurationList section */
	};
	rootObject = 9CDE47397E4665DE26EB3759 /* Project object */;
}
